{
    "php": {
        "version": "7.3"
    },
    "symfony/form": {
        "version": "v4.4.4"
    },
    "symfony/intl": {
        "version": "v4.4.4"
    },
    "symfony/options-resolver": {
        "version": "v4.4.4"
    },
    "symfony/polyfill-intl-icu": {
        "version": "v1.14.0"
    }
}
